
Microsoft Visual Studio Solution File, Format Version 12.00
# Visual Studio Express 2012 for Windows Desktop
Project("{FAE04EC0-301F-11D3-BF4B-00C04F79EFBC}") = "dotSwitcher", "dotSwitcher.csproj", "{DD81ABB0-2011-47DE-AA11-7F3AAA1FD445}"
EndProject
Global
	GlobalSection(SolutionConfigurationPlatforms) = preSolution
		Debug|Any CPU = Debug|Any CPU
		Release|Any CPU = Release|Any CPU
	EndGlobalSection
	GlobalSection(ProjectConfigurationPlatforms) = postSolution
		{DD81ABB0-2011-47DE-AA11-7F3AAA1FD445}.Debug|Any CPU.ActiveCfg = Debug|Any CPU
		{DD81ABB0-2011-47DE-AA11-7F3AAA1FD445}.Debug|Any CPU.Build.0 = Debug|Any CPU
		{DD81ABB0-2011-47DE-AA11-7F3AAA1FD445}.Release|Any CPU.ActiveCfg = Release|Any CPU
		{DD81ABB0-2011-47DE-AA11-7F3AAA1FD445}.Release|Any CPU.Build.0 = Release|Any CPU
	EndGlobalSection
	GlobalSection(SolutionProperties) = preSolution
		HideSolutionNode = FALSE
	EndGlobalSection
EndGlobal
